
Microsoft Visual Studio Solution File, Format Version 12.00
# Visual Studio Version 16
VisualStudioVersion = 16.0.30907.101
MinimumVisualStudioVersion = 10.0.40219.1
Project("{FAE04EC0-301F-11D3-BF4B-00C04F79EFBC}") = "CastingAndConvertingDataTypesLesson", "CastingAndConvertingDataTypesLesson.csproj", "{11E9CDAD-8636-49D0-9C16-6F50091F9654}"
EndProject
Global
	GlobalSection(SolutionConfigurationPlatforms) = preSolution
		Debug|Any CPU = Debug|Any CPU
		Release|Any CPU = Release|Any CPU
	EndGlobalSection
	GlobalSection(ProjectConfigurationPlatforms) = postSolution
		{11E9CDAD-8636-49D0-9C16-6F50091F9654}.Debug|Any CPU.ActiveCfg = Debug|Any CPU
		{11E9CDAD-8636-49D0-9C16-6F50091F9654}.Debug|Any CPU.Build.0 = Debug|Any CPU
		{11E9CDAD-8636-49D0-9C16-6F50091F9654}.Release|Any CPU.ActiveCfg = Release|Any CPU
		{11E9CDAD-8636-49D0-9C16-6F50091F9654}.Release|Any CPU.Build.0 = Release|Any CPU
	EndGlobalSection
	GlobalSection(SolutionProperties) = preSolution
		HideSolutionNode = FALSE
	EndGlobalSection
	GlobalSection(ExtensibilityGlobals) = postSolution
		SolutionGuid = {BD31CCF1-3076-4199-8E5D-44E84EB8BFC3}
	EndGlobalSection
EndGlobal
